// !$*UTF8*$!
{
	archiveVersion = 1;
	classes = {
	};
	objectVersion = 46;
	objects = {

/* Begin PBXBuildFile section */
		FDF3E9321B196FA20017C64A /* main.m in Sources */ = {isa = PBXBuildFile; fileRef = FDF3E9311B196FA20017C64A /* main.m */; };
		FDF3E9351B196FA20017C64A /* AppDelegate.m in Sources */ = {isa = PBXBuildFile; fileRef = FDF3E9341B196FA20017C64A /* AppDelegate.m */; };
		FDF3E9381B196FA20017C64A /* ViewController.m in Sources */ = {isa = PBXBuildFile; fileRef = FDF3E9371B196FA20017C64A /* ViewController.m */; };
		FDF3E93B1B196FA20017C64A /* Main.storyboard in Resources */ = {isa = PBXBuildFile; fileRef = FDF3E9391B196FA20017C64A /* Main.storyboard */; };
		FDF3E93D1B196FA20017C64A /* Images.xcassets in Resources */ = {isa = PBXBuildFile; fileRef = FDF3E93C1B196FA20017C64A /* Images.xcassets */; };
		FDF3E9401B196FA20017C64A /* LaunchScreen.xib in Resources */ = {isa = PBXBuildFile; fileRef = FDF3E93E1B196FA20017C64A /* LaunchScreen.xib */; };
		FDF3E94C1B196FA30017C64A /* ProcessingTouchesTests.m in Sources */ = {isa = PBXBuildFile; fileRef = FDF3E94B1B196FA30017C64A /* ProcessingTouchesTests.m */; };
		FDF3E9571B1977720017C64A /* UILabelWithCenter.m in Sources */ = {isa = PBXBuildFile; fileRef = FDF3E9561B1977720017C64A /* UILabelWithCenter.m */; };
/* End PBXBuildFile section */

/* Begin PBXContainerItemProxy section */
		FDF3E9461B196FA30017C64A /* PBXContainerItemProxy */ = {
			isa = PBXContainerItemProxy;
			containerPortal = FDF3E9241B196FA20017C64A /* Project object */;
			proxyType = 1;
			remoteGlobalIDString = FDF3E92B1B196FA20017C64A;
			remoteInfo = ProcessingTouches;
		};
/* End PBXContainerItemProxy section */

/* Begin PBXFileReference section */
		FDF3E92C1B196FA20017C64A /* ProcessingTouches.app */ = {isa = PBXFileReference; explicitFileType = wrapper.application; includeInIndex = 0; path = ProcessingTouches.app; sourceTree = BUILT_PRODUCTS_DIR; };
		FDF3E9301B196FA20017C64A /* Info.plist */ = {isa = PBXFileReference; lastKnownFileType = text.plist.xml; path = Info.plist; sourceTree = "<group>"; };
		FDF3E9311B196FA20017C64A /* main.m */ = {isa = PBXFileReference; lastKnownFileType = sourcecode.c.objc; path = main.m; sourceTree = "<group>"; };
		FDF3E9331B196FA20017C64A /* AppDelegate.h */ = {isa = PBXFileReference; lastKnownFileType = sourcecode.c.h; path = AppDelegate.h; sourceTree = "<group>"; };
		FDF3E9341B196FA20017C64A /* AppDelegate.m */ = {isa = PBXFileReference; lastKnownFileType = sourcecode.c.objc; path = AppDelegate.m; sourceTree = "<group>"; };
		FDF3E9361B196FA20017C64A /* ViewController.h */ = {isa = PBXFileReference; lastKnownFileType = sourcecode.c.h; path = ViewController.h; sourceTree = "<group>"; };
		FDF3E9371B196FA20017C64A /* ViewController.m */ = {isa = PBXFileReference; lastKnownFileType = sourcecode.c.objc; path = ViewController.m; sourceTree = "<group>"; };
		FDF3E93A1B196FA20017C64A /* Base */ = {isa = PBXFileReference; lastKnownFileType = file.storyboard; name = Base; path = Base.lproj/Main.storyboard; sourceTree = "<group>"; };
		FDF3E93C1B196FA20017C64A /* Images.xcassets */ = {isa = PBXFileReference; lastKnownFileType = folder.assetcatalog; path = Images.xcassets; sourceTree = "<group>"; };
		FDF3E93F1B196FA20017C64A /* Base */ = {isa = PBXFileReference; lastKnownFileType = file.xib; name = Base; path = Base.lproj/LaunchScreen.xib; sourceTree = "<group>"; };
		FDF3E9451B196FA30017C64A /* ProcessingTouchesTests.xctest */ = {isa = PBXFileReference; explicitFileType = wrapper.cfbundle; includeInIndex = 0; path = ProcessingTouchesTests.xctest; sourceTree = BUILT_PRODUCTS_DIR; };
		FDF3E94A1B196FA30017C64A /* Info.plist */ = {isa = PBXFileReference; lastKnownFileType = text.plist.xml; path = Info.plist; sourceTree = "<group>"; };
		FDF3E94B1B196FA30017C64A /* ProcessingTouchesTests.m */ = {isa = PBXFileReference; lastKnownFileType = sourcecode.c.objc; path = ProcessingTouchesTests.m; sourceTree = "<group>"; };
		FDF3E9551B1977720017C64A /* UILabelWithCenter.h */ = {isa = PBXFileReference; fileEncoding = 4; lastKnownFileType = sourcecode.c.h; path = UILabelWithCenter.h; sourceTree = "<group>"; };
		FDF3E9561B1977720017C64A /* UILabelWithCenter.m */ = {isa = PBXFileReference; fileEncoding = 4; lastKnownFileType = sourcecode.c.objc; path = UILabelWithCenter.m; sourceTree = "<group>"; };
/* End PBXFileReference section */

/* Begin PBXFrameworksBuildPhase section */
		FDF3E9291B196FA20017C64A /* Frameworks */ = {
			isa = PBXFrameworksBuildPhase;
			buildActionMask = 2147483647;
			files = (
			);
			runOnlyForDeploymentPostprocessing = 0;
		};
		FDF3E9421B196FA30017C64A /* Frameworks */ = {
			isa = PBXFrameworksBuildPhase;
			buildActionMask = 2147483647;
			files = (
			);
			runOnlyForDeploymentPostprocessing = 0;
		};
/* End PBXFrameworksBuildPhase section */

/* Begin PBXGroup section */
		FDF3E9231B196FA20017C64A = {
			isa = PBXGroup;
			children = (
				FDF3E9551B1977720017C64A /* UILabelWithCenter.h */,
				FDF3E9561B1977720017C64A /* UILabelWithCenter.m */,
				FDF3E92E1B196FA20017C64A /* ProcessingTouches */,
				FDF3E9481B196FA30017C64A /* ProcessingTouchesTests */,
				FDF3E92D1B196FA20017C64A /* Products */,
			);
			sourceTree = "<group>";
		};
		FDF3E92D1B196FA20017C64A /* Products */ = {
			isa = PBXGroup;
			children = (
				FDF3E92C1B196FA20017C64A /* ProcessingTouches.app */,
				FDF3E9451B196FA30017C64A /* ProcessingTouchesTests.xctest */,
			);
			name = Products;
			sourceTree = "<group>";
		};
		FDF3E92E1B196FA20017C64A /* ProcessingTouches */ = {
			isa = PBXGroup;
			children = (
				FDF3E9331B196FA20017C64A /* AppDelegate.h */,
				FDF3E9341B196FA20017C64A /* AppDelegate.m */,
				FDF3E9361B196FA20017C64A /* ViewController.h */,
				FDF3E9371B196FA20017C64A /* ViewController.m */,
				FDF3E9391B196FA20017C64A /* Main.storyboard */,
				FDF3E93C1B196FA20017C64A /* Images.xcassets */,
				FDF3E93E1B196FA20017C64A /* LaunchScreen.xib */,
				FDF3E92F1B196FA20017C64A /* Supporting Files */,
			);
			path = ProcessingTouches;
			sourceTree = "<group>";
		};
		FDF3E92F1B196FA20017C64A /* Supporting Files */ = {
			isa = PBXGroup;
			children = (
				FDF3E9301B196FA20017C64A /* Info.plist */,
				FDF3E9311B196FA20017C64A /* main.m */,
			);
			name = "Supporting Files";
			sourceTree = "<group>";
		};
		FDF3E9481B196FA30017C64A /* ProcessingTouchesTests */ = {
			isa = PBXGroup;
			children = (
				FDF3E94B1B196FA30017C64A /* ProcessingTouchesTests.m */,
				FDF3E9491B196FA30017C64A /* Supporting Files */,
			);
			path = ProcessingTouchesTests;
			sourceTree = "<group>";
		};
		FDF3E9491B196FA30017C64A /* Supporting Files */ = {
			isa = PBXGroup;
			children = (
				FDF3E94A1B196FA30017C64A /* Info.plist */,
			);
			name = "Supporting Files";
			sourceTree = "<group>";
		};
/* End PBXGroup section */

/* Begin PBXNativeTarget section */
		FDF3E92B1B196FA20017C64A /* ProcessingTouches */ = {
			isa = PBXNativeTarget;
			buildConfigurationList = FDF3E94F1B196FA30017C64A /* Build configuration list for PBXNativeTarget "ProcessingTouches" */;
			buildPhases = (
				FDF3E9281B196FA20017C64A /* Sources */,
				FDF3E9291B196FA20017C64A /* Frameworks */,
				FDF3E92A1B196FA20017C64A /* Resources */,
			);
			buildRules = (
			);
			dependencies = (
			);
			name = ProcessingTouches;
			productName = ProcessingTouches;
			productReference = FDF3E92C1B196FA20017C64A /* ProcessingTouches.app */;
			productType = "com.apple.product-type.application";
		};
		FDF3E9441B196FA30017C64A /* ProcessingTouchesTests */ = {
			isa = PBXNativeTarget;
			buildConfigurationList = FDF3E9521B196FA30017C64A /* Build configuration list for PBXNativeTarget "ProcessingTouchesTests" */;
			buildPhases = (
				FDF3E9411B196FA30017C64A /* Sources */,
				FDF3E9421B196FA30017C64A /* Frameworks */,
				FDF3E9431B196FA30017C64A /* Resources */,
			);
			buildRules = (
			);
			dependencies = (
				FDF3E9471B196FA30017C64A /* PBXTargetDependency */,
			);
			name = ProcessingTouchesTests;
			productName = ProcessingTouchesTests;
			productReference = FDF3E9451B196FA30017C64A /* ProcessingTouchesTests.xctest */;
			productType = "com.apple.product-type.bundle.unit-test";
		};
/* End PBXNativeTarget section */

/* Begin PBXProject section */
		FDF3E9241B196FA20017C64A /* Project object */ = {
			isa = PBXProject;
			attributes = {
				LastUpgradeCheck = 0630;
				ORGANIZATIONNAME = "Jack Lapin";
				TargetAttributes = {
					FDF3E92B1B196FA20017C64A = {
						CreatedOnToolsVersion = 6.3.2;
					};
					FDF3E9441B196FA30017C64A = {
						CreatedOnToolsVersion = 6.3.2;
						TestTargetID = FDF3E92B1B196FA20017C64A;
					};
				};
			};
			buildConfigurationList = FDF3E9271B196FA20017C64A /* Build configuration list for PBXProject "ProcessingTouches" */;
			compatibilityVersion = "Xcode 3.2";
			developmentRegion = English;
			hasScannedForEncodings = 0;
			knownRegions = (
				en,
				Base,
			);
			mainGroup = FDF3E9231B196FA20017C64A;
			productRefGroup = FDF3E92D1B196FA20017C64A /* Products */;
			projectDirPath = "";
			projectRoot = "";
			targets = (
				FDF3E92B1B196FA20017C64A /* ProcessingTouches */,
				FDF3E9441B196FA30017C64A /* ProcessingTouchesTests */,
			);
		};
/* End PBXProject section */

/* Begin PBXResourcesBuildPhase section */
		FDF3E92A1B196FA20017C64A /* Resources */ = {
			isa = PBXResourcesBuildPhase;
			buildActionMask = 2147483647;
			files = (
				FDF3E93B1B196FA20017C64A /* Main.storyboard in Resources */,
				FDF3E9401B196FA20017C64A /* LaunchScreen.xib in Resources */,
				FDF3E93D1B196FA20017C64A /* Images.xcassets in Resources */,
			);
			runOnlyForDeploymentPostprocessing = 0;
		};
		FDF3E9431B196FA30017C64A /* Resources */ = {
			isa = PBXResourcesBuildPhase;
			buildActionMask = 2147483647;
			files = (
			);
			runOnlyForDeploymentPostprocessing = 0;
		};
/* End PBXResourcesBuildPhase section */

/* Begin PBXSourcesBuildPhase section */
		FDF3E9281B196FA20017C64A /* Sources */ = {
			isa = PBXSourcesBuildPhase;
			buildActionMask = 2147483647;
			files = (
				FDF3E9381B196FA20017C64A /* ViewController.m in Sources */,
				FDF3E9571B1977720017C64A /* UILabelWithCenter.m in Sources */,
				FDF3E9351B196FA20017C64A /* AppDelegate.m in Sources */,
				FDF3E9321B196FA20017C64A /* main.m in Sources */,
			);
			runOnlyForDeploymentPostprocessing = 0;
		};
		FDF3E9411B196FA30017C64A /* Sources */ = {
			isa = PBXSourcesBuildPhase;
			buildActionMask = 2147483647;
			files = (
				FDF3E94C1B196FA30017C64A /* ProcessingTouchesTests.m in Sources */,
			);
			runOnlyForDeploymentPostprocessing = 0;
		};
/* End PBXSourcesBuildPhase section */

/* Begin PBXTargetDependency section */
		FDF3E9471B196FA30017C64A /* PBXTargetDependency */ = {
			isa = PBXTargetDependency;
			target = FDF3E92B1B196FA20017C64A /* ProcessingTouches */;
			targetProxy = FDF3E9461B196FA30017C64A /* PBXContainerItemProxy */;
		};
/* End PBXTargetDependency section */

/* Begin PBXVariantGroup section */
		FDF3E9391B196FA20017C64A /* Main.storyboard */ = {
			isa = PBXVariantGroup;
			children = (
				FDF3E93A1B196FA20017C64A /* Base */,
			);
			name = Main.storyboard;
			sourceTree = "<group>";
		};
		FDF3E93E1B196FA20017C64A /* LaunchScreen.xib */ = {
			isa = PBXVariantGroup;
			children = (
				FDF3E93F1B196FA20017C64A /* Base */,
			);
			name = LaunchScreen.xib;
			sourceTree = "<group>";
		};
/* End PBXVariantGroup section */

/* Begin XCBuildConfiguration section */
		FDF3E94D1B196FA30017C64A /* Debug */ = {
			isa = XCBuildConfiguration;
			buildSettings = {
				ALWAYS_SEARCH_USER_PATHS = NO;
				CLANG_CXX_LANGUAGE_STANDARD = "gnu++0x";
				CLANG_CXX_LIBRARY = "libc++";
				CLANG_ENABLE_MODULES = YES;
				CLANG_ENABLE_OBJC_ARC = YES;
				CLANG_WARN_BOOL_CONVERSION = YES;
				CLANG_WARN_CONSTANT_CONVERSION = YES;
				CLANG_WARN_DIRECT_OBJC_ISA_USAGE = YES_ERROR;
				CLANG_WARN_EMPTY_BODY = YES;
				CLANG_WARN_ENUM_CONVERSION = YES;
				CLANG_WARN_INT_CONVERSION = YES;
				CLANG_WARN_OBJC_ROOT_CLASS = YES_ERROR;
				CLANG_WARN_UNREACHABLE_CODE = YES;
				CLANG_WARN__DUPLICATE_METHOD_MATCH = YES;
				"CODE_SIGN_IDENTITY[sdk=iphoneos*]" = "iPhone Developer";
				COPY_PHASE_STRIP = NO;
				DEBUG_INFORMATION_FORMAT = "dwarf-with-dsym";
				ENABLE_STRICT_OBJC_MSGSEND = YES;
				GCC_C_LANGUAGE_STANDARD = gnu99;
				GCC_DYNAMIC_NO_PIC = NO;
				GCC_NO_COMMON_BLOCKS = YES;
				GCC_OPTIMIZATION_LEVEL = 0;
				GCC_PREPROCESSOR_DEFINITIONS = (
					"DEBUG=1",
					"$(inherited)",
				);
				GCC_SYMBOLS_PRIVATE_EXTERN = NO;
				GCC_WARN_64_TO_32_BIT_CONVERSION = YES;
				GCC_WARN_ABOUT_RETURN_TYPE = YES_ERROR;
				GCC_WARN_UNDECLARED_SELECTOR = YES;
				GCC_WARN_UNINITIALIZED_AUTOS = YES_AGGRESSIVE;
				GCC_WARN_UNUSED_FUNCTION = YES;
				GCC_WARN_UNUSED_VARIABLE = YES;
				IPHONEOS_DEPLOYMENT_TARGET = 8.3;
				MTL_ENABLE_DEBUG_INFO = YES;
				ONLY_ACTIVE_ARCH = YES;
				SDKROOT = iphoneos;
			};
			name = Debug;
		};
		FDF3E94E1B196FA30017C64A /* Release */ = {
			isa = XCBuildConfiguration;
			buildSettings = {
				ALWAYS_SEARCH_USER_PATHS = NO;
				CLANG_CXX_LANGUAGE_STANDARD = "gnu++0x";
				CLANG_CXX_LIBRARY = "libc++";
				CLANG_ENABLE_MODULES = YES;
				CLANG_ENABLE_OBJC_ARC = YES;
				CLANG_WARN_BOOL_CONVERSION = YES;
				CLANG_WARN_CONSTANT_CONVERSION = YES;
				CLANG_WARN_DIRECT_OBJC_ISA_USAGE = YES_ERROR;
				CLANG_WARN_EMPTY_BODY = YES;
				CLANG_WARN_ENUM_CONVERSION = YES;
				CLANG_WARN_INT_CONVERSION = YES;
				CLANG_WARN_OBJC_ROOT_CLASS = YES_ERROR;
				CLANG_WARN_UNREACHABLE_CODE = YES;
				CLANG_WARN__DUPLICATE_METHOD_MATCH = YES;
				"CODE_SIGN_IDENTITY[sdk=iphoneos*]" = "iPhone Developer";
				COPY_PHASE_STRIP = NO;
				DEBUG_INFORMATION_FORMAT = "dwarf-with-dsym";
				ENABLE_NS_ASSERTIONS = NO;
				ENABLE_STRICT_OBJC_MSGSEND = YES;
				GCC_C_LANGUAGE_STANDARD = gnu99;
				GCC_NO_COMMON_BLOCKS = YES;
				GCC_WARN_64_TO_32_BIT_CONVERSION = YES;
				GCC_WARN_ABOUT_RETURN_TYPE = YES_ERROR;
				GCC_WARN_UNDECLARED_SELECTOR = YES;
				GCC_WARN_UNINITIALIZED_AUTOS = YES_AGGRESSIVE;
				GCC_WARN_UNUSED_FUNCTION = YES;
				GCC_WARN_UNUSED_VARIABLE = YES;
				IPHONEOS_DEPLOYMENT_TARGET = 8.3;
				MTL_ENABLE_DEBUG_INFO = NO;
				SDKROOT = iphoneos;
				VALIDATE_PRODUCT = YES;
			};
			name = Release;
		};
		FDF3E9501B196FA30017C64A /* Debug */ = {
			isa = XCBuildConfiguration;
			buildSettings = {
				ASSETCATALOG_COMPILER_APPICON_NAME = AppIcon;
				INFOPLIST_FILE = ProcessingTouches/Info.plist;
				LD_RUNPATH_SEARCH_PATHS = "$(inherited) @executable_path/Frameworks";
				PRODUCT_NAME = "$(TARGET_NAME)";
			};
			name = Debug;
		};
		FDF3E9511B196FA30017C64A /* Release */ = {
			isa = XCBuildConfiguration;
			buildSettings = {
				ASSETCATALOG_COMPILER_APPICON_NAME = AppIcon;
				INFOPLIST_FILE = ProcessingTouches/Info.plist;
				LD_RUNPATH_SEARCH_PATHS = "$(inherited) @executable_path/Frameworks";
				PRODUCT_NAME = "$(TARGET_NAME)";
			};
			name = Release;
		};
		FDF3E9531B196FA30017C64A /* Debug */ = {
			isa = XCBuildConfiguration;
			buildSettings = {
				BUNDLE_LOADER = "$(TEST_HOST)";
				FRAMEWORK_SEARCH_PATHS = (
					"$(SDKROOT)/Developer/Library/Frameworks",
					"$(inherited)",
				);
				GCC_PREPROCESSOR_DEFINITIONS = (
					"DEBUG=1",
					"$(inherited)",
				);
				INFOPLIST_FILE = ProcessingTouchesTests/Info.plist;
				LD_RUNPATH_SEARCH_PATHS = "$(inherited) @executable_path/Frameworks @loader_path/Frameworks";
				PRODUCT_NAME = "$(TARGET_NAME)";
				TEST_HOST = "$(BUILT_PRODUCTS_DIR)/ProcessingTouches.app/ProcessingTouches";
			};
			name = Debug;
		};
		FDF3E9541B196FA30017C64A /* Release */ = {
			isa = XCBuildConfiguration;
			buildSettings = {
				BUNDLE_LOADER = "$(TEST_HOST)";
				FRAMEWORK_SEARCH_PATHS = (
					"$(SDKROOT)/Developer/Library/Frameworks",
					"$(inherited)",
				);
				INFOPLIST_FILE = ProcessingTouchesTests/Info.plist;
				LD_RUNPATH_SEARCH_PATHS = "$(inherited) @executable_path/Frameworks @loader_path/Frameworks";
				PRODUCT_NAME = "$(TARGET_NAME)";
				TEST_HOST = "$(BUILT_PRODUCTS_DIR)/ProcessingTouches.app/ProcessingTouches";
			};
			name = Release;
		};
/* End XCBuildConfiguration section */

/* Begin XCConfigurationList section */
		FDF3E9271B196FA20017C64A /* Build configuration list for PBXProject "ProcessingTouches" */ = {
			isa = XCConfigurationList;
			buildConfigurations = (
				FDF3E94D1B196FA30017C64A /* Debug */,
				FDF3E94E1B196FA30017C64A /* Release */,
			);
			defaultConfigurationIsVisible = 0;
			defaultConfigurationName = Release;
		};
		FDF3E94F1B196FA30017C64A /* Build configuration list for PBXNativeTarget "ProcessingTouches" */ = {
			isa = XCConfigurationList;
			buildConfigurations = (
				FDF3E9501B196FA30017C64A /* Debug */,
				FDF3E9511B196FA30017C64A /* Release */,
			);
			defaultConfigurationIsVisible = 0;
		};
		FDF3E9521B196FA30017C64A /* Build configuration list for PBXNativeTarget "ProcessingTouchesTests" */ = {
			isa = XCConfigurationList;
			buildConfigurations = (
				FDF3E9531B196FA30017C64A /* Debug */,
				FDF3E9541B196FA30017C64A /* Release */,
			);
			defaultConfigurationIsVisible = 0;
		};
/* End XCConfigurationList section */
	};
	rootObject = FDF3E9241B196FA20017C64A /* Project object */;
}
