// !$*UTF8*$!
{
	archiveVersion = 1;
	classes = {
	};
	objectVersion = 46;
	objects = {

/* Begin PBXBuildFile section */
		3CA450D0D43F38F9CCE500A6 /* main.m in Sources */ = {isa = PBXBuildFile; fileRef = 3CA4583C2432E13A747C1806 /* main.m */; };
/* End PBXBuildFile section */

/* Begin PBXCopyFilesBuildPhase section */
		3CA45232C4C82401FE3308D9 /* CopyFiles */ = {
			isa = PBXCopyFilesBuildPhase;
			buildActionMask = 2147483647;
			dstPath = /usr/share/man/man1/;
			dstSubfolderSpec = 0;
			files = (
			);
			runOnlyForDeploymentPostprocessing = 1;
		};
/* End PBXCopyFilesBuildPhase section */

/* Begin PBXFileReference section */
		3CA4583C2432E13A747C1806 /* main.m */ = {isa = PBXFileReference; lastKnownFileType = sourcecode.c.objc; path = main.m; sourceTree = "<group>"; };
		3CA45882C2E9231600BFF3D3 /* ClassWork0503 */ = {isa = PBXFileReference; explicitFileType = "compiled.mach-o.executable"; includeInIndex = 0; path = ClassWork0503; sourceTree = BUILT_PRODUCTS_DIR; };
/* End PBXFileReference section */

/* Begin PBXFrameworksBuildPhase section */
		3CA452EAC045D2DD8E7204B1 /* Frameworks */ = {
			isa = PBXFrameworksBuildPhase;
			buildActionMask = 2147483647;
			files = (
			);
			runOnlyForDeploymentPostprocessing = 0;
		};
/* End PBXFrameworksBuildPhase section */

/* Begin PBXGroup section */
		3CA45738D79F8B1ACA37B3E6 /* ClassWork0503 */ = {
			isa = PBXGroup;
			children = (
				3CA4583C2432E13A747C1806 /* main.m */,
			);
			path = ClassWork0503;
			sourceTree = "<group>";
		};
		3CA45C91ADCCC95F2A438EB7 = {
			isa = PBXGroup;
			children = (
				3CA45D8264CF1713A04F6740 /* Products */,
				3CA45738D79F8B1ACA37B3E6 /* ClassWork0503 */,
			);
			sourceTree = "<group>";
		};
		3CA45D8264CF1713A04F6740 /* Products */ = {
			isa = PBXGroup;
			children = (
				3CA45882C2E9231600BFF3D3 /* ClassWork0503 */,
			);
			name = Products;
			sourceTree = "<group>";
		};
/* End PBXGroup section */

/* Begin PBXNativeTarget section */
		3CA452C8093B7FC0C7431EFC /* ClassWork0503 */ = {
			isa = PBXNativeTarget;
			buildConfigurationList = 3CA455B7E638C6A5A787ABAF /* Build configuration list for PBXNativeTarget "ClassWork0503" */;
			buildPhases = (
				3CA45F2FD124B618A4A5E715 /* Sources */,
				3CA452EAC045D2DD8E7204B1 /* Frameworks */,
				3CA45232C4C82401FE3308D9 /* CopyFiles */,
			);
			buildRules = (
			);
			dependencies = (
			);
			name = ClassWork0503;
			productName = ClassWork0503;
			productReference = 3CA45882C2E9231600BFF3D3 /* ClassWork0503 */;
			productType = "com.apple.product-type.tool";
		};
/* End PBXNativeTarget section */

/* Begin PBXProject section */
		3CA4562150795273C59C8E8C /* Project object */ = {
			isa = PBXProject;
			attributes = {
				ORGANIZATIONNAME = JackLapin;
			};
			buildConfigurationList = 3CA45A0111192D7E52DFE4D7 /* Build configuration list for PBXProject "ClassWork0503" */;
			compatibilityVersion = "Xcode 3.2";
			developmentRegion = English;
			hasScannedForEncodings = 0;
			knownRegions = (
				en,
			);
			mainGroup = 3CA45C91ADCCC95F2A438EB7;
			productRefGroup = 3CA45D8264CF1713A04F6740 /* Products */;
			projectDirPath = "";
			projectRoot = "";
			targets = (
				3CA452C8093B7FC0C7431EFC /* ClassWork0503 */,
			);
		};
/* End PBXProject section */

/* Begin PBXSourcesBuildPhase section */
		3CA45F2FD124B618A4A5E715 /* Sources */ = {
			isa = PBXSourcesBuildPhase;
			buildActionMask = 2147483647;
			files = (
				3CA450D0D43F38F9CCE500A6 /* main.m in Sources */,
			);
			runOnlyForDeploymentPostprocessing = 0;
		};
/* End PBXSourcesBuildPhase section */

/* Begin XCBuildConfiguration section */
		3CA450AE71438F5573B961EA /* Debug */ = {
			isa = XCBuildConfiguration;
			buildSettings = {
				ALWAYS_SEARCH_USER_PATHS = NO;
				CLANG_CXX_LANGUAGE_STANDARD = "gnu++0x";
				CLANG_CXX_LIBRARY = "libc++";
				CLANG_ENABLE_MODULES = YES;
				CLANG_ENABLE_OBJC_ARC = YES;
				CLANG_WARN_BOOL_CONVERSION = YES;
				CLANG_WARN_CONSTANT_CONVERSION = YES;
				CLANG_WARN_DIRECT_OBJC_ISA_USAGE = YES_ERROR;
				CLANG_WARN_EMPTY_BODY = YES;
				CLANG_WARN_ENUM_CONVERSION = YES;
				CLANG_WARN_INT_CONVERSION = YES;
				CLANG_WARN_OBJC_ROOT_CLASS = YES_ERROR;
				CLANG_WARN_UNREACHABLE_CODE = YES;
				CLANG_WARN__DUPLICATE_METHOD_MATCH = YES;
				COPY_PHASE_STRIP = NO;
				ENABLE_STRICT_OBJC_MSGSEND = YES;
				GCC_C_LANGUAGE_STANDARD = gnu99;
				GCC_DYNAMIC_NO_PIC = NO;
				GCC_OPTIMIZATION_LEVEL = 0;
				GCC_PREPROCESSOR_DEFINITIONS = (
					"DEBUG=1",
					"$(inherited)",
				);
				GCC_SYMBOLS_PRIVATE_EXTERN = NO;
				GCC_WARN_64_TO_32_BIT_CONVERSION = YES;
				GCC_WARN_ABOUT_RETURN_TYPE = YES_ERROR;
				GCC_WARN_UNDECLARED_SELECTOR = YES;
				GCC_WARN_UNINITIALIZED_AUTOS = YES_AGGRESSIVE;
				GCC_WARN_UNUSED_FUNCTION = YES;
				GCC_WARN_UNUSED_VARIABLE = YES;
				MACOSX_DEPLOYMENT_TARGET = 10.10;
				MTL_ENABLE_DEBUG_INFO = YES;
				ONLY_ACTIVE_ARCH = YES;
				SDKROOT = macosx;
			};
			name = Debug;
		};
		3CA452EA1027A0457756CA3E /* Release */ = {
			isa = XCBuildConfiguration;
			buildSettings = {
				PRODUCT_NAME = "$(TARGET_NAME)";
			};
			name = Release;
		};
		3CA458D4CE6B3E56A93AFF2D /* Release */ = {
			isa = XCBuildConfiguration;
			buildSettings = {
				ALWAYS_SEARCH_USER_PATHS = NO;
				CLANG_CXX_LANGUAGE_STANDARD = "gnu++0x";
				CLANG_CXX_LIBRARY = "libc++";
				CLANG_ENABLE_MODULES = YES;
				CLANG_ENABLE_OBJC_ARC = YES;
				CLANG_WARN_BOOL_CONVERSION = YES;
				CLANG_WARN_CONSTANT_CONVERSION = YES;
				CLANG_WARN_DIRECT_OBJC_ISA_USAGE = YES_ERROR;
				CLANG_WARN_EMPTY_BODY = YES;
				CLANG_WARN_ENUM_CONVERSION = YES;
				CLANG_WARN_INT_CONVERSION = YES;
				CLANG_WARN_OBJC_ROOT_CLASS = YES_ERROR;
				CLANG_WARN_UNREACHABLE_CODE = YES;
				CLANG_WARN__DUPLICATE_METHOD_MATCH = YES;
				COPY_PHASE_STRIP = YES;
				DEBUG_INFORMATION_FORMAT = "dwarf-with-dsym";
				ENABLE_NS_ASSERTIONS = NO;
				ENABLE_STRICT_OBJC_MSGSEND = YES;
				GCC_C_LANGUAGE_STANDARD = gnu99;
				GCC_WARN_64_TO_32_BIT_CONVERSION = YES;
				GCC_WARN_ABOUT_RETURN_TYPE = YES_ERROR;
				GCC_WARN_UNDECLARED_SELECTOR = YES;
				GCC_WARN_UNINITIALIZED_AUTOS = YES_AGGRESSIVE;
				GCC_WARN_UNUSED_FUNCTION = YES;
				GCC_WARN_UNUSED_VARIABLE = YES;
				MACOSX_DEPLOYMENT_TARGET = 10.10;
				MTL_ENABLE_DEBUG_INFO = NO;
				SDKROOT = macosx;
			};
			name = Release;
		};
		3CA45FE4518F1D408388D365 /* Debug */ = {
			isa = XCBuildConfiguration;
			buildSettings = {
				PRODUCT_NAME = "$(TARGET_NAME)";
			};
			name = Debug;
		};
/* End XCBuildConfiguration section */

/* Begin XCConfigurationList section */
		3CA455B7E638C6A5A787ABAF /* Build configuration list for PBXNativeTarget "ClassWork0503" */ = {
			isa = XCConfigurationList;
			buildConfigurations = (
				3CA45FE4518F1D408388D365 /* Debug */,
				3CA452EA1027A0457756CA3E /* Release */,
			);
			defaultConfigurationIsVisible = 0;
		};
		3CA45A0111192D7E52DFE4D7 /* Build configuration list for PBXProject "ClassWork0503" */ = {
			isa = XCConfigurationList;
			buildConfigurations = (
				3CA450AE71438F5573B961EA /* Debug */,
				3CA458D4CE6B3E56A93AFF2D /* Release */,
			);
			defaultConfigurationIsVisible = 0;
			defaultConfigurationName = Release;
		};
/* End XCConfigurationList section */
	};
	rootObject = 3CA4562150795273C59C8E8C /* Project object */;
}
