// !$*UTF8*$!
{
	archiveVersion = 1;
	classes = {
	};
	objectVersion = 46;
	objects = {

/* Begin PBXBuildFile section */
		FDAE16541AEB678400B5C37E /* main.m in Sources */ = {isa = PBXBuildFile; fileRef = FDAE16531AEB678400B5C37E /* main.m */; };
		FDAE16571AEB678400B5C37E /* AppDelegate.m in Sources */ = {isa = PBXBuildFile; fileRef = FDAE16561AEB678400B5C37E /* AppDelegate.m */; };
		FDAE165A1AEB678400B5C37E /* ViewController.m in Sources */ = {isa = PBXBuildFile; fileRef = FDAE16591AEB678400B5C37E /* ViewController.m */; };
		FDAE165D1AEB678400B5C37E /* Main.storyboard in Resources */ = {isa = PBXBuildFile; fileRef = FDAE165B1AEB678400B5C37E /* Main.storyboard */; };
		FDAE165F1AEB678400B5C37E /* Images.xcassets in Resources */ = {isa = PBXBuildFile; fileRef = FDAE165E1AEB678400B5C37E /* Images.xcassets */; };
		FDAE16621AEB678400B5C37E /* LaunchScreen.xib in Resources */ = {isa = PBXBuildFile; fileRef = FDAE16601AEB678400B5C37E /* LaunchScreen.xib */; };
		FDAE166E1AEB678400B5C37E /* NewTableTests.m in Sources */ = {isa = PBXBuildFile; fileRef = FDAE166D1AEB678400B5C37E /* NewTableTests.m */; };
		FDAE16791AEB755200B5C37E /* MyTableViewCell.m in Sources */ = {isa = PBXBuildFile; fileRef = FDAE16781AEB755200B5C37E /* MyTableViewCell.m */; };
		FDAE167B1AEB882E00B5C37E /* Mario_SM3DW.png in Resources */ = {isa = PBXBuildFile; fileRef = FDAE167A1AEB882E00B5C37E /* Mario_SM3DW.png */; };
/* End PBXBuildFile section */

/* Begin PBXContainerItemProxy section */
		FDAE16681AEB678400B5C37E /* PBXContainerItemProxy */ = {
			isa = PBXContainerItemProxy;
			containerPortal = FDAE16461AEB678400B5C37E /* Project object */;
			proxyType = 1;
			remoteGlobalIDString = FDAE164D1AEB678400B5C37E;
			remoteInfo = NewTable;
		};
/* End PBXContainerItemProxy section */

/* Begin PBXFileReference section */
		FDAE164E1AEB678400B5C37E /* NewTable.app */ = {isa = PBXFileReference; explicitFileType = wrapper.application; includeInIndex = 0; path = NewTable.app; sourceTree = BUILT_PRODUCTS_DIR; };
		FDAE16521AEB678400B5C37E /* Info.plist */ = {isa = PBXFileReference; lastKnownFileType = text.plist.xml; path = Info.plist; sourceTree = "<group>"; };
		FDAE16531AEB678400B5C37E /* main.m */ = {isa = PBXFileReference; lastKnownFileType = sourcecode.c.objc; path = main.m; sourceTree = "<group>"; };
		FDAE16551AEB678400B5C37E /* AppDelegate.h */ = {isa = PBXFileReference; lastKnownFileType = sourcecode.c.h; path = AppDelegate.h; sourceTree = "<group>"; };
		FDAE16561AEB678400B5C37E /* AppDelegate.m */ = {isa = PBXFileReference; lastKnownFileType = sourcecode.c.objc; path = AppDelegate.m; sourceTree = "<group>"; };
		FDAE16581AEB678400B5C37E /* ViewController.h */ = {isa = PBXFileReference; lastKnownFileType = sourcecode.c.h; path = ViewController.h; sourceTree = "<group>"; };
		FDAE16591AEB678400B5C37E /* ViewController.m */ = {isa = PBXFileReference; lastKnownFileType = sourcecode.c.objc; path = ViewController.m; sourceTree = "<group>"; };
		FDAE165C1AEB678400B5C37E /* Base */ = {isa = PBXFileReference; lastKnownFileType = file.storyboard; name = Base; path = Base.lproj/Main.storyboard; sourceTree = "<group>"; };
		FDAE165E1AEB678400B5C37E /* Images.xcassets */ = {isa = PBXFileReference; lastKnownFileType = folder.assetcatalog; path = Images.xcassets; sourceTree = "<group>"; };
		FDAE16611AEB678400B5C37E /* Base */ = {isa = PBXFileReference; lastKnownFileType = file.xib; name = Base; path = Base.lproj/LaunchScreen.xib; sourceTree = "<group>"; };
		FDAE16671AEB678400B5C37E /* NewTableTests.xctest */ = {isa = PBXFileReference; explicitFileType = wrapper.cfbundle; includeInIndex = 0; path = NewTableTests.xctest; sourceTree = BUILT_PRODUCTS_DIR; };
		FDAE166C1AEB678400B5C37E /* Info.plist */ = {isa = PBXFileReference; lastKnownFileType = text.plist.xml; path = Info.plist; sourceTree = "<group>"; };
		FDAE166D1AEB678400B5C37E /* NewTableTests.m */ = {isa = PBXFileReference; lastKnownFileType = sourcecode.c.objc; path = NewTableTests.m; sourceTree = "<group>"; };
		FDAE16771AEB755200B5C37E /* MyTableViewCell.h */ = {isa = PBXFileReference; fileEncoding = 4; lastKnownFileType = sourcecode.c.h; path = MyTableViewCell.h; sourceTree = "<group>"; };
		FDAE16781AEB755200B5C37E /* MyTableViewCell.m */ = {isa = PBXFileReference; fileEncoding = 4; lastKnownFileType = sourcecode.c.objc; path = MyTableViewCell.m; sourceTree = "<group>"; };
		FDAE167A1AEB882E00B5C37E /* Mario_SM3DW.png */ = {isa = PBXFileReference; lastKnownFileType = image.png; path = Mario_SM3DW.png; sourceTree = "<group>"; };
/* End PBXFileReference section */

/* Begin PBXFrameworksBuildPhase section */
		FDAE164B1AEB678400B5C37E /* Frameworks */ = {
			isa = PBXFrameworksBuildPhase;
			buildActionMask = 2147483647;
			files = (
			);
			runOnlyForDeploymentPostprocessing = 0;
		};
		FDAE16641AEB678400B5C37E /* Frameworks */ = {
			isa = PBXFrameworksBuildPhase;
			buildActionMask = 2147483647;
			files = (
			);
			runOnlyForDeploymentPostprocessing = 0;
		};
/* End PBXFrameworksBuildPhase section */

/* Begin PBXGroup section */
		FDAE16451AEB678400B5C37E = {
			isa = PBXGroup;
			children = (
				FDAE16501AEB678400B5C37E /* NewTable */,
				FDAE166A1AEB678400B5C37E /* NewTableTests */,
				FDAE164F1AEB678400B5C37E /* Products */,
			);
			sourceTree = "<group>";
		};
		FDAE164F1AEB678400B5C37E /* Products */ = {
			isa = PBXGroup;
			children = (
				FDAE164E1AEB678400B5C37E /* NewTable.app */,
				FDAE16671AEB678400B5C37E /* NewTableTests.xctest */,
			);
			name = Products;
			sourceTree = "<group>";
		};
		FDAE16501AEB678400B5C37E /* NewTable */ = {
			isa = PBXGroup;
			children = (
				FDAE16771AEB755200B5C37E /* MyTableViewCell.h */,
				FDAE16781AEB755200B5C37E /* MyTableViewCell.m */,
				FDAE16551AEB678400B5C37E /* AppDelegate.h */,
				FDAE16561AEB678400B5C37E /* AppDelegate.m */,
				FDAE16581AEB678400B5C37E /* ViewController.h */,
				FDAE16591AEB678400B5C37E /* ViewController.m */,
				FDAE165B1AEB678400B5C37E /* Main.storyboard */,
				FDAE165E1AEB678400B5C37E /* Images.xcassets */,
				FDAE16601AEB678400B5C37E /* LaunchScreen.xib */,
				FDAE16511AEB678400B5C37E /* Supporting Files */,
			);
			path = NewTable;
			sourceTree = "<group>";
		};
		FDAE16511AEB678400B5C37E /* Supporting Files */ = {
			isa = PBXGroup;
			children = (
				FDAE167A1AEB882E00B5C37E /* Mario_SM3DW.png */,
				FDAE16521AEB678400B5C37E /* Info.plist */,
				FDAE16531AEB678400B5C37E /* main.m */,
			);
			name = "Supporting Files";
			sourceTree = "<group>";
		};
		FDAE166A1AEB678400B5C37E /* NewTableTests */ = {
			isa = PBXGroup;
			children = (
				FDAE166D1AEB678400B5C37E /* NewTableTests.m */,
				FDAE166B1AEB678400B5C37E /* Supporting Files */,
			);
			path = NewTableTests;
			sourceTree = "<group>";
		};
		FDAE166B1AEB678400B5C37E /* Supporting Files */ = {
			isa = PBXGroup;
			children = (
				FDAE166C1AEB678400B5C37E /* Info.plist */,
			);
			name = "Supporting Files";
			sourceTree = "<group>";
		};
/* End PBXGroup section */

/* Begin PBXNativeTarget section */
		FDAE164D1AEB678400B5C37E /* NewTable */ = {
			isa = PBXNativeTarget;
			buildConfigurationList = FDAE16711AEB678400B5C37E /* Build configuration list for PBXNativeTarget "NewTable" */;
			buildPhases = (
				FDAE164A1AEB678400B5C37E /* Sources */,
				FDAE164B1AEB678400B5C37E /* Frameworks */,
				FDAE164C1AEB678400B5C37E /* Resources */,
			);
			buildRules = (
			);
			dependencies = (
			);
			name = NewTable;
			productName = NewTable;
			productReference = FDAE164E1AEB678400B5C37E /* NewTable.app */;
			productType = "com.apple.product-type.application";
		};
		FDAE16661AEB678400B5C37E /* NewTableTests */ = {
			isa = PBXNativeTarget;
			buildConfigurationList = FDAE16741AEB678400B5C37E /* Build configuration list for PBXNativeTarget "NewTableTests" */;
			buildPhases = (
				FDAE16631AEB678400B5C37E /* Sources */,
				FDAE16641AEB678400B5C37E /* Frameworks */,
				FDAE16651AEB678400B5C37E /* Resources */,
			);
			buildRules = (
			);
			dependencies = (
				FDAE16691AEB678400B5C37E /* PBXTargetDependency */,
			);
			name = NewTableTests;
			productName = NewTableTests;
			productReference = FDAE16671AEB678400B5C37E /* NewTableTests.xctest */;
			productType = "com.apple.product-type.bundle.unit-test";
		};
/* End PBXNativeTarget section */

/* Begin PBXProject section */
		FDAE16461AEB678400B5C37E /* Project object */ = {
			isa = PBXProject;
			attributes = {
				LastUpgradeCheck = 0630;
				ORGANIZATIONNAME = "Jack Lapin";
				TargetAttributes = {
					FDAE164D1AEB678400B5C37E = {
						CreatedOnToolsVersion = 6.3;
					};
					FDAE16661AEB678400B5C37E = {
						CreatedOnToolsVersion = 6.3;
						TestTargetID = FDAE164D1AEB678400B5C37E;
					};
				};
			};
			buildConfigurationList = FDAE16491AEB678400B5C37E /* Build configuration list for PBXProject "NewTable" */;
			compatibilityVersion = "Xcode 3.2";
			developmentRegion = English;
			hasScannedForEncodings = 0;
			knownRegions = (
				en,
				Base,
			);
			mainGroup = FDAE16451AEB678400B5C37E;
			productRefGroup = FDAE164F1AEB678400B5C37E /* Products */;
			projectDirPath = "";
			projectRoot = "";
			targets = (
				FDAE164D1AEB678400B5C37E /* NewTable */,
				FDAE16661AEB678400B5C37E /* NewTableTests */,
			);
		};
/* End PBXProject section */

/* Begin PBXResourcesBuildPhase section */
		FDAE164C1AEB678400B5C37E /* Resources */ = {
			isa = PBXResourcesBuildPhase;
			buildActionMask = 2147483647;
			files = (
				FDAE165D1AEB678400B5C37E /* Main.storyboard in Resources */,
				FDAE16621AEB678400B5C37E /* LaunchScreen.xib in Resources */,
				FDAE165F1AEB678400B5C37E /* Images.xcassets in Resources */,
				FDAE167B1AEB882E00B5C37E /* Mario_SM3DW.png in Resources */,
			);
			runOnlyForDeploymentPostprocessing = 0;
		};
		FDAE16651AEB678400B5C37E /* Resources */ = {
			isa = PBXResourcesBuildPhase;
			buildActionMask = 2147483647;
			files = (
			);
			runOnlyForDeploymentPostprocessing = 0;
		};
/* End PBXResourcesBuildPhase section */

/* Begin PBXSourcesBuildPhase section */
		FDAE164A1AEB678400B5C37E /* Sources */ = {
			isa = PBXSourcesBuildPhase;
			buildActionMask = 2147483647;
			files = (
				FDAE165A1AEB678400B5C37E /* ViewController.m in Sources */,
				FDAE16791AEB755200B5C37E /* MyTableViewCell.m in Sources */,
				FDAE16571AEB678400B5C37E /* AppDelegate.m in Sources */,
				FDAE16541AEB678400B5C37E /* main.m in Sources */,
			);
			runOnlyForDeploymentPostprocessing = 0;
		};
		FDAE16631AEB678400B5C37E /* Sources */ = {
			isa = PBXSourcesBuildPhase;
			buildActionMask = 2147483647;
			files = (
				FDAE166E1AEB678400B5C37E /* NewTableTests.m in Sources */,
			);
			runOnlyForDeploymentPostprocessing = 0;
		};
/* End PBXSourcesBuildPhase section */

/* Begin PBXTargetDependency section */
		FDAE16691AEB678400B5C37E /* PBXTargetDependency */ = {
			isa = PBXTargetDependency;
			target = FDAE164D1AEB678400B5C37E /* NewTable */;
			targetProxy = FDAE16681AEB678400B5C37E /* PBXContainerItemProxy */;
		};
/* End PBXTargetDependency section */

/* Begin PBXVariantGroup section */
		FDAE165B1AEB678400B5C37E /* Main.storyboard */ = {
			isa = PBXVariantGroup;
			children = (
				FDAE165C1AEB678400B5C37E /* Base */,
			);
			name = Main.storyboard;
			sourceTree = "<group>";
		};
		FDAE16601AEB678400B5C37E /* LaunchScreen.xib */ = {
			isa = PBXVariantGroup;
			children = (
				FDAE16611AEB678400B5C37E /* Base */,
			);
			name = LaunchScreen.xib;
			sourceTree = "<group>";
		};
/* End PBXVariantGroup section */

/* Begin XCBuildConfiguration section */
		FDAE166F1AEB678400B5C37E /* Debug */ = {
			isa = XCBuildConfiguration;
			buildSettings = {
				ALWAYS_SEARCH_USER_PATHS = NO;
				CLANG_CXX_LANGUAGE_STANDARD = "gnu++0x";
				CLANG_CXX_LIBRARY = "libc++";
				CLANG_ENABLE_MODULES = YES;
				CLANG_ENABLE_OBJC_ARC = YES;
				CLANG_WARN_BOOL_CONVERSION = YES;
				CLANG_WARN_CONSTANT_CONVERSION = YES;
				CLANG_WARN_DIRECT_OBJC_ISA_USAGE = YES_ERROR;
				CLANG_WARN_EMPTY_BODY = YES;
				CLANG_WARN_ENUM_CONVERSION = YES;
				CLANG_WARN_INT_CONVERSION = YES;
				CLANG_WARN_OBJC_ROOT_CLASS = YES_ERROR;
				CLANG_WARN_UNREACHABLE_CODE = YES;
				CLANG_WARN__DUPLICATE_METHOD_MATCH = YES;
				"CODE_SIGN_IDENTITY[sdk=iphoneos*]" = "iPhone Developer";
				COPY_PHASE_STRIP = NO;
				DEBUG_INFORMATION_FORMAT = "dwarf-with-dsym";
				ENABLE_STRICT_OBJC_MSGSEND = YES;
				GCC_C_LANGUAGE_STANDARD = gnu99;
				GCC_DYNAMIC_NO_PIC = NO;
				GCC_NO_COMMON_BLOCKS = YES;
				GCC_OPTIMIZATION_LEVEL = 0;
				GCC_PREPROCESSOR_DEFINITIONS = (
					"DEBUG=1",
					"$(inherited)",
				);
				GCC_SYMBOLS_PRIVATE_EXTERN = NO;
				GCC_WARN_64_TO_32_BIT_CONVERSION = YES;
				GCC_WARN_ABOUT_RETURN_TYPE = YES_ERROR;
				GCC_WARN_UNDECLARED_SELECTOR = YES;
				GCC_WARN_UNINITIALIZED_AUTOS = YES_AGGRESSIVE;
				GCC_WARN_UNUSED_FUNCTION = YES;
				GCC_WARN_UNUSED_VARIABLE = YES;
				IPHONEOS_DEPLOYMENT_TARGET = 8.3;
				MTL_ENABLE_DEBUG_INFO = YES;
				ONLY_ACTIVE_ARCH = YES;
				SDKROOT = iphoneos;
			};
			name = Debug;
		};
		FDAE16701AEB678400B5C37E /* Release */ = {
			isa = XCBuildConfiguration;
			buildSettings = {
				ALWAYS_SEARCH_USER_PATHS = NO;
				CLANG_CXX_LANGUAGE_STANDARD = "gnu++0x";
				CLANG_CXX_LIBRARY = "libc++";
				CLANG_ENABLE_MODULES = YES;
				CLANG_ENABLE_OBJC_ARC = YES;
				CLANG_WARN_BOOL_CONVERSION = YES;
				CLANG_WARN_CONSTANT_CONVERSION = YES;
				CLANG_WARN_DIRECT_OBJC_ISA_USAGE = YES_ERROR;
				CLANG_WARN_EMPTY_BODY = YES;
				CLANG_WARN_ENUM_CONVERSION = YES;
				CLANG_WARN_INT_CONVERSION = YES;
				CLANG_WARN_OBJC_ROOT_CLASS = YES_ERROR;
				CLANG_WARN_UNREACHABLE_CODE = YES;
				CLANG_WARN__DUPLICATE_METHOD_MATCH = YES;
				"CODE_SIGN_IDENTITY[sdk=iphoneos*]" = "iPhone Developer";
				COPY_PHASE_STRIP = NO;
				DEBUG_INFORMATION_FORMAT = "dwarf-with-dsym";
				ENABLE_NS_ASSERTIONS = NO;
				ENABLE_STRICT_OBJC_MSGSEND = YES;
				GCC_C_LANGUAGE_STANDARD = gnu99;
				GCC_NO_COMMON_BLOCKS = YES;
				GCC_WARN_64_TO_32_BIT_CONVERSION = YES;
				GCC_WARN_ABOUT_RETURN_TYPE = YES_ERROR;
				GCC_WARN_UNDECLARED_SELECTOR = YES;
				GCC_WARN_UNINITIALIZED_AUTOS = YES_AGGRESSIVE;
				GCC_WARN_UNUSED_FUNCTION = YES;
				GCC_WARN_UNUSED_VARIABLE = YES;
				IPHONEOS_DEPLOYMENT_TARGET = 8.3;
				MTL_ENABLE_DEBUG_INFO = NO;
				SDKROOT = iphoneos;
				VALIDATE_PRODUCT = YES;
			};
			name = Release;
		};
		FDAE16721AEB678400B5C37E /* Debug */ = {
			isa = XCBuildConfiguration;
			buildSettings = {
				ASSETCATALOG_COMPILER_APPICON_NAME = AppIcon;
				INFOPLIST_FILE = NewTable/Info.plist;
				LD_RUNPATH_SEARCH_PATHS = "$(inherited) @executable_path/Frameworks";
				PRODUCT_NAME = "$(TARGET_NAME)";
			};
			name = Debug;
		};
		FDAE16731AEB678400B5C37E /* Release */ = {
			isa = XCBuildConfiguration;
			buildSettings = {
				ASSETCATALOG_COMPILER_APPICON_NAME = AppIcon;
				INFOPLIST_FILE = NewTable/Info.plist;
				LD_RUNPATH_SEARCH_PATHS = "$(inherited) @executable_path/Frameworks";
				PRODUCT_NAME = "$(TARGET_NAME)";
			};
			name = Release;
		};
		FDAE16751AEB678400B5C37E /* Debug */ = {
			isa = XCBuildConfiguration;
			buildSettings = {
				BUNDLE_LOADER = "$(TEST_HOST)";
				FRAMEWORK_SEARCH_PATHS = (
					"$(SDKROOT)/Developer/Library/Frameworks",
					"$(inherited)",
				);
				GCC_PREPROCESSOR_DEFINITIONS = (
					"DEBUG=1",
					"$(inherited)",
				);
				INFOPLIST_FILE = NewTableTests/Info.plist;
				LD_RUNPATH_SEARCH_PATHS = "$(inherited) @executable_path/Frameworks @loader_path/Frameworks";
				PRODUCT_NAME = "$(TARGET_NAME)";
				TEST_HOST = "$(BUILT_PRODUCTS_DIR)/NewTable.app/NewTable";
			};
			name = Debug;
		};
		FDAE16761AEB678400B5C37E /* Release */ = {
			isa = XCBuildConfiguration;
			buildSettings = {
				BUNDLE_LOADER = "$(TEST_HOST)";
				FRAMEWORK_SEARCH_PATHS = (
					"$(SDKROOT)/Developer/Library/Frameworks",
					"$(inherited)",
				);
				INFOPLIST_FILE = NewTableTests/Info.plist;
				LD_RUNPATH_SEARCH_PATHS = "$(inherited) @executable_path/Frameworks @loader_path/Frameworks";
				PRODUCT_NAME = "$(TARGET_NAME)";
				TEST_HOST = "$(BUILT_PRODUCTS_DIR)/NewTable.app/NewTable";
			};
			name = Release;
		};
/* End XCBuildConfiguration section */

/* Begin XCConfigurationList section */
		FDAE16491AEB678400B5C37E /* Build configuration list for PBXProject "NewTable" */ = {
			isa = XCConfigurationList;
			buildConfigurations = (
				FDAE166F1AEB678400B5C37E /* Debug */,
				FDAE16701AEB678400B5C37E /* Release */,
			);
			defaultConfigurationIsVisible = 0;
			defaultConfigurationName = Release;
		};
		FDAE16711AEB678400B5C37E /* Build configuration list for PBXNativeTarget "NewTable" */ = {
			isa = XCConfigurationList;
			buildConfigurations = (
				FDAE16721AEB678400B5C37E /* Debug */,
				FDAE16731AEB678400B5C37E /* Release */,
			);
			defaultConfigurationIsVisible = 0;
		};
		FDAE16741AEB678400B5C37E /* Build configuration list for PBXNativeTarget "NewTableTests" */ = {
			isa = XCConfigurationList;
			buildConfigurations = (
				FDAE16751AEB678400B5C37E /* Debug */,
				FDAE16761AEB678400B5C37E /* Release */,
			);
			defaultConfigurationIsVisible = 0;
		};
/* End XCConfigurationList section */
	};
	rootObject = FDAE16461AEB678400B5C37E /* Project object */;
}
